# This file is automatically @generated by Cargo.
# It is not intended for manual editing.
version = 3

[[package]]
name = "bios-util"
version = "0.1.0"

[[package]]
name = "exokernel"
version = "0.1.0"
dependencies = [
 "bios-util",
 "fs",
 "llvm-tools",
 "x86_64-bootloader-bios",
]

[[package]]
name = "fs"
version = "0.1.0"

[[package]]
name = "llvm-tools"
version = "0.1.1"
source = "registry+https://github.com/rust-lang/crates.io-index"
checksum = "955be5d0ca0465caf127165acb47964f911e2bc26073e865deb8be7189302faf"

[[package]]
name = "x86_64-bootloader-bios"
version = "0.1.0"
dependencies = [
 "x86_64-bootloader-bios-stage-1",
 "x86_64-bootloader-bios-stage-2",
]

[[package]]
name = "x86_64-bootloader-bios-stage-1"
version = "0.1.0"

[[package]]
name = "x86_64-bootloader-bios-stage-2"
version = "0.1.0"
