# This file is automatically @generated by Cargo.
# It is not intended for manual editing.
version = 3

[[package]]
name = "Exokernel"
version = "0.1.0"
dependencies = [
 "x86_64-bootloader-bios",
]

[[package]]
name = "x86_64-bootloader-bios"
version = "0.1.0"
dependencies = [
 "x86_64-bootloader-bios-stage-1",
]

[[package]]
name = "x86_64-bootloader-bios-stage-1"
version = "0.1.0"
